{"version":4,"terraform_version":"1.9.0","serial":1,"lineage":"cfdf3f87-02c4-02ff-3a46-bc6e874deab8","outputs":{},"resources":[{"mode":"managed","type":"docker_container","name":"my_app_container","provider":"provider[\"registry.opentofu.org/kreuzwerker/docker\"]","instances":[{"schema_version":2,"attributes":{"attach":false,"bridge":"","capabilities":[],"cgroupns_mode":null,"command":["python","/app.py"],"container_logs":null,"container_read_refresh_timeout_milliseconds":15000,"cpu_set":"","cpu_shares":0,"destroy_grace_seconds":null,"devices":[],"dns":null,"dns_opts":null,"dns_search":null,"domainname":"","entrypoint":[],"env":[],"exit_code":null,"gpus":null,"group_add":null,"healthcheck":null,"host":[],"hostname":"2a02e9c2f548","id":"2a02e9c2f54877c3a3ee9a83b0c987ca9b5f274c5fe1e029f61a017096d450a8","image":"sha256:dfa533959650140daf8b0ce9b4c4729f5230043fc9579b3ebf09bfbde2cd32c1","init":false,"ipc_mode":"private","labels":[],"log_driver":"json-file","log_opts":null,"logs":false,"max_retry_count":0,"memory":0,"memory_swap":0,"mounts":[],"must_run":true,"name":"my_app_container","network_data":[{"gateway":"172.17.0.1","global_ipv6_address":"","global_ipv6_prefix_length":0,"ip_address":"172.17.0.2","ip_prefix_length":16,"ipv6_gateway":"","mac_address":"22:0f:ee:ef:0e:b5","network_name":"bridge"}],"network_mode":"bridge","networks_advanced":[],"pid_mode":"","ports":[{"external":8080,"internal":80,"ip":"0.0.0.0","protocol":"tcp"}],"privileged":false,"publish_all_ports":false,"read_only":false,"remove_volumes":true,"restart":"no","rm":false,"runtime":"runc","security_opts":[],"shm_size":64,"start":true,"stdin_open":false,"stop_signal":"","stop_timeout":0,"storage_opts":null,"sysctls":null,"tmpfs":null,"tty":false,"ulimit":[],"upload":[],"user":"","userns_mode":"","volumes":[],"wait":false,"wait_timeout":60,"working_dir":""},"sensitive_attributes":[],"private":"eyJzY2hlbWFfdmVyc2lvbiI6IjIifQ==","dependencies":["docker_image.my_app_image"]}]},{"mode":"managed","type":"docker_image","name":"my_app_image","provider":"provider[\"registry.opentofu.org/kreuzwerker/docker\"]","instances":[{"schema_version":0,"attributes":{"build":[{"auth_config":[],"build_arg":null,"build_args":null,"build_id":"","cache_from":[],"cgroup_parent":"","context":".","cpu_period":null,"cpu_quota":null,"cpu_set_cpus":"","cpu_set_mems":"","cpu_shares":null,"dockerfile":"Dockerfile","extra_hosts":[],"force_remove":null,"isolation":"","label":null,"labels":null,"memory":null,"memory_swap":null,"network_mode":"","no_cache":null,"platform":"","pull_parent":null,"remote_context":"","remove":true,"security_opt":[],"session_id":"","shm_size":null,"squash":null,"suppress_output":null,"tag":[],"target":"","ulimit":[],"version":""}],"force_remove":null,"id":"sha256:dfa533959650140daf8b0ce9b4c4729f5230043fc9579b3ebf09bfbde2cd32c1myapp:latest","image_id":"sha256:dfa533959650140daf8b0ce9b4c4729f5230043fc9579b3ebf09bfbde2cd32c1","keep_locally":null,"name":"myapp:latest","platform":null,"pull_triggers":null,"repo_digest":"","triggers":null},"sensitive_attributes":[],"private":"bnVsbA=="}]}],"check_results":null}
